// !$*UTF8*$!
{
	archiveVersion = 1;
	classes = {
	};
	objectVersion = 50;
	objects = {

/* Begin PBXBuildFile section */
		BF75469023B212A500950595 /* InProgressVC.m in Sources */ = {isa = PBXBuildFile; fileRef = BF75468F23B212A500950595 /* InProgressVC.m */; };
		BF75469323B21B2400950595 /* DoneVC.m in Sources */ = {isa = PBXBuildFile; fileRef = BF75469223B21B2400950595 /* DoneVC.m */; };
		BF755B7223AF949200FACA2C /* AppDelegate.m in Sources */ = {isa = PBXBuildFile; fileRef = BF755B7123AF949200FACA2C /* AppDelegate.m */; };
		BF755B7823AF949200FACA2C /* Main.storyboard in Resources */ = {isa = PBXBuildFile; fileRef = BF755B7623AF949200FACA2C /* Main.storyboard */; };
		BF755B7A23AF949500FACA2C /* Assets.xcassets in Resources */ = {isa = PBXBuildFile; fileRef = BF755B7923AF949500FACA2C /* Assets.xcassets */; };
		BF755B7D23AF949500FACA2C /* LaunchScreen.storyboard in Resources */ = {isa = PBXBuildFile; fileRef = BF755B7B23AF949500FACA2C /* LaunchScreen.storyboard */; };
		BF755B8023AF949500FACA2C /* main.m in Sources */ = {isa = PBXBuildFile; fileRef = BF755B7F23AF949500FACA2C /* main.m */; };
		BF755B8B23AF9C9400FACA2C /* ToDoTable.m in Sources */ = {isa = PBXBuildFile; fileRef = BF755B8A23AF9C9400FACA2C /* ToDoTable.m */; };
		BF755B8E23AFA7B700FACA2C /* ToDoTask.m in Sources */ = {isa = PBXBuildFile; fileRef = BF755B8D23AFA7B700FACA2C /* ToDoTask.m */; };
		BF76853F23B0F3FF00BD4245 /* EditView.m in Sources */ = {isa = PBXBuildFile; fileRef = BF76853E23B0F3FF00BD4245 /* EditView.m */; };
		BF83521023AFB400007590DA /* TaskInfo.m in Sources */ = {isa = PBXBuildFile; fileRef = BF83520F23AFB400007590DA /* TaskInfo.m */; };
		BF83521323AFBBA3007590DA /* AddView.m in Sources */ = {isa = PBXBuildFile; fileRef = BF83521223AFBBA3007590DA /* AddView.m */; };
		BFD7F4FC2449023E0081A4B7 /* 1.png in Resources */ = {isa = PBXBuildFile; fileRef = BFD7F4FB2449023C0081A4B7 /* 1.png */; };
		BFFBBED623B229B400A26A22 /* PriorityVC.m in Sources */ = {isa = PBXBuildFile; fileRef = BFFBBED523B229B400A26A22 /* PriorityVC.m */; };
		BFFBBEDB23B231E000A26A22 /* 3.png in Resources */ = {isa = PBXBuildFile; fileRef = BFFBBED823B231DE00A26A22 /* 3.png */; };
		BFFBBEDC23B231E000A26A22 /* 2.png in Resources */ = {isa = PBXBuildFile; fileRef = BFFBBED923B231DF00A26A22 /* 2.png */; };
/* End PBXBuildFile section */

/* Begin PBXFileReference section */
		BF75468E23B212A500950595 /* InProgressVC.h */ = {isa = PBXFileReference; lastKnownFileType = sourcecode.c.h; path = InProgressVC.h; sourceTree = "<group>"; };
		BF75468F23B212A500950595 /* InProgressVC.m */ = {isa = PBXFileReference; lastKnownFileType = sourcecode.c.objc; path = InProgressVC.m; sourceTree = "<group>"; };
		BF75469123B21B2400950595 /* DoneVC.h */ = {isa = PBXFileReference; lastKnownFileType = sourcecode.c.h; path = DoneVC.h; sourceTree = "<group>"; };
		BF75469223B21B2400950595 /* DoneVC.m */ = {isa = PBXFileReference; lastKnownFileType = sourcecode.c.objc; path = DoneVC.m; sourceTree = "<group>"; };
		BF755B6D23AF949200FACA2C /* ToDoList.app */ = {isa = PBXFileReference; explicitFileType = wrapper.application; includeInIndex = 0; path = ToDoList.app; sourceTree = BUILT_PRODUCTS_DIR; };
		BF755B7023AF949200FACA2C /* AppDelegate.h */ = {isa = PBXFileReference; lastKnownFileType = sourcecode.c.h; path = AppDelegate.h; sourceTree = "<group>"; };
		BF755B7123AF949200FACA2C /* AppDelegate.m */ = {isa = PBXFileReference; lastKnownFileType = sourcecode.c.objc; path = AppDelegate.m; sourceTree = "<group>"; };
		BF755B7723AF949200FACA2C /* Base */ = {isa = PBXFileReference; lastKnownFileType = file.storyboard; name = Base; path = Base.lproj/Main.storyboard; sourceTree = "<group>"; };
		BF755B7923AF949500FACA2C /* Assets.xcassets */ = {isa = PBXFileReference; lastKnownFileType = folder.assetcatalog; path = Assets.xcassets; sourceTree = "<group>"; };
		BF755B7C23AF949500FACA2C /* Base */ = {isa = PBXFileReference; lastKnownFileType = file.storyboard; name = Base; path = Base.lproj/LaunchScreen.storyboard; sourceTree = "<group>"; };
		BF755B7E23AF949500FACA2C /* Info.plist */ = {isa = PBXFileReference; lastKnownFileType = text.plist.xml; path = Info.plist; sourceTree = "<group>"; };
		BF755B7F23AF949500FACA2C /* main.m */ = {isa = PBXFileReference; lastKnownFileType = sourcecode.c.objc; path = main.m; sourceTree = "<group>"; };
		BF755B8923AF9C9400FACA2C /* ToDoTable.h */ = {isa = PBXFileReference; lastKnownFileType = sourcecode.c.h; path = ToDoTable.h; sourceTree = "<group>"; };
		BF755B8A23AF9C9400FACA2C /* ToDoTable.m */ = {isa = PBXFileReference; lastKnownFileType = sourcecode.c.objc; path = ToDoTable.m; sourceTree = "<group>"; };
		BF755B8C23AFA7B700FACA2C /* ToDoTask.h */ = {isa = PBXFileReference; lastKnownFileType = sourcecode.c.h; path = ToDoTask.h; sourceTree = "<group>"; };
		BF755B8D23AFA7B700FACA2C /* ToDoTask.m */ = {isa = PBXFileReference; lastKnownFileType = sourcecode.c.objc; path = ToDoTask.m; sourceTree = "<group>"; };
		BF76853D23B0F3FF00BD4245 /* EditView.h */ = {isa = PBXFileReference; lastKnownFileType = sourcecode.c.h; path = EditView.h; sourceTree = "<group>"; };
		BF76853E23B0F3FF00BD4245 /* EditView.m */ = {isa = PBXFileReference; lastKnownFileType = sourcecode.c.objc; path = EditView.m; sourceTree = "<group>"; };
		BF83520D23AFACC3007590DA /* MyProtocol.h */ = {isa = PBXFileReference; lastKnownFileType = sourcecode.c.h; path = MyProtocol.h; sourceTree = "<group>"; };
		BF83520E23AFB400007590DA /* TaskInfo.h */ = {isa = PBXFileReference; lastKnownFileType = sourcecode.c.h; path = TaskInfo.h; sourceTree = "<group>"; };
		BF83520F23AFB400007590DA /* TaskInfo.m */ = {isa = PBXFileReference; lastKnownFileType = sourcecode.c.objc; path = TaskInfo.m; sourceTree = "<group>"; };
		BF83521123AFBBA3007590DA /* AddView.h */ = {isa = PBXFileReference; lastKnownFileType = sourcecode.c.h; path = AddView.h; sourceTree = "<group>"; };
		BF83521223AFBBA3007590DA /* AddView.m */ = {isa = PBXFileReference; lastKnownFileType = sourcecode.c.objc; path = AddView.m; sourceTree = "<group>"; };
		BFD7F4FB2449023C0081A4B7 /* 1.png */ = {isa = PBXFileReference; lastKnownFileType = image.png; path = 1.png; sourceTree = "<group>"; };
		BFFBBED423B229B400A26A22 /* PriorityVC.h */ = {isa = PBXFileReference; lastKnownFileType = sourcecode.c.h; path = PriorityVC.h; sourceTree = "<group>"; };
		BFFBBED523B229B400A26A22 /* PriorityVC.m */ = {isa = PBXFileReference; lastKnownFileType = sourcecode.c.objc; path = PriorityVC.m; sourceTree = "<group>"; };
		BFFBBED823B231DE00A26A22 /* 3.png */ = {isa = PBXFileReference; lastKnownFileType = image.png; path = 3.png; sourceTree = "<group>"; };
		BFFBBED923B231DF00A26A22 /* 2.png */ = {isa = PBXFileReference; lastKnownFileType = image.png; path = 2.png; sourceTree = "<group>"; };
/* End PBXFileReference section */

/* Begin PBXFrameworksBuildPhase section */
		BF755B6A23AF949200FACA2C /* Frameworks */ = {
			isa = PBXFrameworksBuildPhase;
			buildActionMask = 2147483647;
			files = (
			);
			runOnlyForDeploymentPostprocessing = 0;
		};
/* End PBXFrameworksBuildPhase section */

/* Begin PBXGroup section */
		BF755B6423AF949200FACA2C = {
			isa = PBXGroup;
			children = (
				BF755B6F23AF949200FACA2C /* ToDoList */,
				BF755B6E23AF949200FACA2C /* Products */,
			);
			sourceTree = "<group>";
		};
		BF755B6E23AF949200FACA2C /* Products */ = {
			isa = PBXGroup;
			children = (
				BF755B6D23AF949200FACA2C /* ToDoList.app */,
			);
			name = Products;
			sourceTree = "<group>";
		};
		BF755B6F23AF949200FACA2C /* ToDoList */ = {
			isa = PBXGroup;
			children = (
				BF755B7023AF949200FACA2C /* AppDelegate.h */,
				BF755B7123AF949200FACA2C /* AppDelegate.m */,
				BF755B7623AF949200FACA2C /* Main.storyboard */,
				BFFBBED923B231DF00A26A22 /* 2.png */,
				BFD7F4FB2449023C0081A4B7 /* 1.png */,
				BFFBBED823B231DE00A26A22 /* 3.png */,
				BF755B7923AF949500FACA2C /* Assets.xcassets */,
				BF755B7B23AF949500FACA2C /* LaunchScreen.storyboard */,
				BF755B7E23AF949500FACA2C /* Info.plist */,
				BF755B7F23AF949500FACA2C /* main.m */,
				BF755B8923AF9C9400FACA2C /* ToDoTable.h */,
				BF755B8A23AF9C9400FACA2C /* ToDoTable.m */,
				BF755B8C23AFA7B700FACA2C /* ToDoTask.h */,
				BF755B8D23AFA7B700FACA2C /* ToDoTask.m */,
				BF83520D23AFACC3007590DA /* MyProtocol.h */,
				BF83520E23AFB400007590DA /* TaskInfo.h */,
				BF83520F23AFB400007590DA /* TaskInfo.m */,
				BF83521123AFBBA3007590DA /* AddView.h */,
				BF83521223AFBBA3007590DA /* AddView.m */,
				BF76853D23B0F3FF00BD4245 /* EditView.h */,
				BF76853E23B0F3FF00BD4245 /* EditView.m */,
				BF75468E23B212A500950595 /* InProgressVC.h */,
				BF75468F23B212A500950595 /* InProgressVC.m */,
				BF75469123B21B2400950595 /* DoneVC.h */,
				BF75469223B21B2400950595 /* DoneVC.m */,
				BFFBBED423B229B400A26A22 /* PriorityVC.h */,
				BFFBBED523B229B400A26A22 /* PriorityVC.m */,
			);
			path = ToDoList;
			sourceTree = "<group>";
		};
/* End PBXGroup section */

/* Begin PBXNativeTarget section */
		BF755B6C23AF949200FACA2C /* ToDoList */ = {
			isa = PBXNativeTarget;
			buildConfigurationList = BF755B8323AF949500FACA2C /* Build configuration list for PBXNativeTarget "ToDoList" */;
			buildPhases = (
				BF755B6923AF949200FACA2C /* Sources */,
				BF755B6A23AF949200FACA2C /* Frameworks */,
				BF755B6B23AF949200FACA2C /* Resources */,
			);
			buildRules = (
			);
			dependencies = (
			);
			name = ToDoList;
			productName = ToDoList;
			productReference = BF755B6D23AF949200FACA2C /* ToDoList.app */;
			productType = "com.apple.product-type.application";
		};
/* End PBXNativeTarget section */

/* Begin PBXProject section */
		BF755B6523AF949200FACA2C /* Project object */ = {
			isa = PBXProject;
			attributes = {
				LastUpgradeCheck = 1000;
				ORGANIZATIONNAME = ahmedsaber;
				TargetAttributes = {
					BF755B6C23AF949200FACA2C = {
						CreatedOnToolsVersion = 10.0;
					};
				};
			};
			buildConfigurationList = BF755B6823AF949200FACA2C /* Build configuration list for PBXProject "ToDoList" */;
			compatibilityVersion = "Xcode 9.3";
			developmentRegion = en;
			hasScannedForEncodings = 0;
			knownRegions = (
				en,
				Base,
			);
			mainGroup = BF755B6423AF949200FACA2C;
			productRefGroup = BF755B6E23AF949200FACA2C /* Products */;
			projectDirPath = "";
			projectRoot = "";
			targets = (
				BF755B6C23AF949200FACA2C /* ToDoList */,
			);
		};
/* End PBXProject section */

/* Begin PBXResourcesBuildPhase section */
		BF755B6B23AF949200FACA2C /* Resources */ = {
			isa = PBXResourcesBuildPhase;
			buildActionMask = 2147483647;
			files = (
				BFFBBEDC23B231E000A26A22 /* 2.png in Resources */,
				BFFBBEDB23B231E000A26A22 /* 3.png in Resources */,
				BF755B7D23AF949500FACA2C /* LaunchScreen.storyboard in Resources */,
				BFD7F4FC2449023E0081A4B7 /* 1.png in Resources */,
				BF755B7A23AF949500FACA2C /* Assets.xcassets in Resources */,
				BF755B7823AF949200FACA2C /* Main.storyboard in Resources */,
			);
			runOnlyForDeploymentPostprocessing = 0;
		};
/* End PBXResourcesBuildPhase section */

/* Begin PBXSourcesBuildPhase section */
		BF755B6923AF949200FACA2C /* Sources */ = {
			isa = PBXSourcesBuildPhase;
			buildActionMask = 2147483647;
			files = (
				BF83521323AFBBA3007590DA /* AddView.m in Sources */,
				BF76853F23B0F3FF00BD4245 /* EditView.m in Sources */,
				BFFBBED623B229B400A26A22 /* PriorityVC.m in Sources */,
				BF755B8B23AF9C9400FACA2C /* ToDoTable.m in Sources */,
				BF75469323B21B2400950595 /* DoneVC.m in Sources */,
				BF755B8023AF949500FACA2C /* main.m in Sources */,
				BF83521023AFB400007590DA /* TaskInfo.m in Sources */,
				BF755B8E23AFA7B700FACA2C /* ToDoTask.m in Sources */,
				BF75469023B212A500950595 /* InProgressVC.m in Sources */,
				BF755B7223AF949200FACA2C /* AppDelegate.m in Sources */,
			);
			runOnlyForDeploymentPostprocessing = 0;
		};
/* End PBXSourcesBuildPhase section */

/* Begin PBXVariantGroup section */
		BF755B7623AF949200FACA2C /* Main.storyboard */ = {
			isa = PBXVariantGroup;
			children = (
				BF755B7723AF949200FACA2C /* Base */,
			);
			name = Main.storyboard;
			sourceTree = "<group>";
		};
		BF755B7B23AF949500FACA2C /* LaunchScreen.storyboard */ = {
			isa = PBXVariantGroup;
			children = (
				BF755B7C23AF949500FACA2C /* Base */,
			);
			name = LaunchScreen.storyboard;
			sourceTree = "<group>";
		};
/* End PBXVariantGroup section */

/* Begin XCBuildConfiguration section */
		BF755B8123AF949500FACA2C /* Debug */ = {
			isa = XCBuildConfiguration;
			buildSettings = {
				ALWAYS_SEARCH_USER_PATHS = NO;
				CLANG_ANALYZER_NONNULL = YES;
				CLANG_ANALYZER_NUMBER_OBJECT_CONVERSION = YES_AGGRESSIVE;
				CLANG_CXX_LANGUAGE_STANDARD = "gnu++14";
				CLANG_CXX_LIBRARY = "libc++";
				CLANG_ENABLE_MODULES = YES;
				CLANG_ENABLE_OBJC_ARC = YES;
				CLANG_ENABLE_OBJC_WEAK = YES;
				CLANG_WARN_BLOCK_CAPTURE_AUTORELEASING = YES;
				CLANG_WARN_BOOL_CONVERSION = YES;
				CLANG_WARN_COMMA = YES;
				CLANG_WARN_CONSTANT_CONVERSION = YES;
				CLANG_WARN_DEPRECATED_OBJC_IMPLEMENTATIONS = YES;
				CLANG_WARN_DIRECT_OBJC_ISA_USAGE = YES_ERROR;
				CLANG_WARN_DOCUMENTATION_COMMENTS = YES;
				CLANG_WARN_EMPTY_BODY = YES;
				CLANG_WARN_ENUM_CONVERSION = YES;
				CLANG_WARN_INFINITE_RECURSION = YES;
				CLANG_WARN_INT_CONVERSION = YES;
				CLANG_WARN_NON_LITERAL_NULL_CONVERSION = YES;
				CLANG_WARN_OBJC_IMPLICIT_RETAIN_SELF = YES;
				CLANG_WARN_OBJC_LITERAL_CONVERSION = YES;
				CLANG_WARN_OBJC_ROOT_CLASS = YES_ERROR;
				CLANG_WARN_RANGE_LOOP_ANALYSIS = YES;
				CLANG_WARN_STRICT_PROTOTYPES = YES;
				CLANG_WARN_SUSPICIOUS_MOVE = YES;
				CLANG_WARN_UNGUARDED_AVAILABILITY = YES_AGGRESSIVE;
				CLANG_WARN_UNREACHABLE_CODE = YES;
				CLANG_WARN__DUPLICATE_METHOD_MATCH = YES;
				CODE_SIGN_IDENTITY = "iPhone Developer";
				COPY_PHASE_STRIP = NO;
				DEBUG_INFORMATION_FORMAT = dwarf;
				ENABLE_STRICT_OBJC_MSGSEND = YES;
				ENABLE_TESTABILITY = YES;
				GCC_C_LANGUAGE_STANDARD = gnu11;
				GCC_DYNAMIC_NO_PIC = NO;
				GCC_NO_COMMON_BLOCKS = YES;
				GCC_OPTIMIZATION_LEVEL = 0;
				GCC_PREPROCESSOR_DEFINITIONS = (
					"DEBUG=1",
					"$(inherited)",
				);
				GCC_WARN_64_TO_32_BIT_CONVERSION = YES;
				GCC_WARN_ABOUT_RETURN_TYPE = YES_ERROR;
				GCC_WARN_UNDECLARED_SELECTOR = YES;
				GCC_WARN_UNINITIALIZED_AUTOS = YES_AGGRESSIVE;
				GCC_WARN_UNUSED_FUNCTION = YES;
				GCC_WARN_UNUSED_VARIABLE = YES;
				IPHONEOS_DEPLOYMENT_TARGET = 12.0;
				MTL_ENABLE_DEBUG_INFO = INCLUDE_SOURCE;
				MTL_FAST_MATH = YES;
				ONLY_ACTIVE_ARCH = YES;
				SDKROOT = iphoneos;
			};
			name = Debug;
		};
		BF755B8223AF949500FACA2C /* Release */ = {
			isa = XCBuildConfiguration;
			buildSettings = {
				ALWAYS_SEARCH_USER_PATHS = NO;
				CLANG_ANALYZER_NONNULL = YES;
				CLANG_ANALYZER_NUMBER_OBJECT_CONVERSION = YES_AGGRESSIVE;
				CLANG_CXX_LANGUAGE_STANDARD = "gnu++14";
				CLANG_CXX_LIBRARY = "libc++";
				CLANG_ENABLE_MODULES = YES;
				CLANG_ENABLE_OBJC_ARC = YES;
				CLANG_ENABLE_OBJC_WEAK = YES;
				CLANG_WARN_BLOCK_CAPTURE_AUTORELEASING = YES;
				CLANG_WARN_BOOL_CONVERSION = YES;
				CLANG_WARN_COMMA = YES;
				CLANG_WARN_CONSTANT_CONVERSION = YES;
				CLANG_WARN_DEPRECATED_OBJC_IMPLEMENTATIONS = YES;
				CLANG_WARN_DIRECT_OBJC_ISA_USAGE = YES_ERROR;
				CLANG_WARN_DOCUMENTATION_COMMENTS = YES;
				CLANG_WARN_EMPTY_BODY = YES;
				CLANG_WARN_ENUM_CONVERSION = YES;
				CLANG_WARN_INFINITE_RECURSION = YES;
				CLANG_WARN_INT_CONVERSION = YES;
				CLANG_WARN_NON_LITERAL_NULL_CONVERSION = YES;
				CLANG_WARN_OBJC_IMPLICIT_RETAIN_SELF = YES;
				CLANG_WARN_OBJC_LITERAL_CONVERSION = YES;
				CLANG_WARN_OBJC_ROOT_CLASS = YES_ERROR;
				CLANG_WARN_RANGE_LOOP_ANALYSIS = YES;
				CLANG_WARN_STRICT_PROTOTYPES = YES;
				CLANG_WARN_SUSPICIOUS_MOVE = YES;
				CLANG_WARN_UNGUARDED_AVAILABILITY = YES_AGGRESSIVE;
				CLANG_WARN_UNREACHABLE_CODE = YES;
				CLANG_WARN__DUPLICATE_METHOD_MATCH = YES;
				CODE_SIGN_IDENTITY = "iPhone Developer";
				COPY_PHASE_STRIP = NO;
				DEBUG_INFORMATION_FORMAT = "dwarf-with-dsym";
				ENABLE_NS_ASSERTIONS = NO;
				ENABLE_STRICT_OBJC_MSGSEND = YES;
				GCC_C_LANGUAGE_STANDARD = gnu11;
				GCC_NO_COMMON_BLOCKS = YES;
				GCC_WARN_64_TO_32_BIT_CONVERSION = YES;
				GCC_WARN_ABOUT_RETURN_TYPE = YES_ERROR;
				GCC_WARN_UNDECLARED_SELECTOR = YES;
				GCC_WARN_UNINITIALIZED_AUTOS = YES_AGGRESSIVE;
				GCC_WARN_UNUSED_FUNCTION = YES;
				GCC_WARN_UNUSED_VARIABLE = YES;
				IPHONEOS_DEPLOYMENT_TARGET = 12.0;
				MTL_ENABLE_DEBUG_INFO = NO;
				MTL_FAST_MATH = YES;
				SDKROOT = iphoneos;
				VALIDATE_PRODUCT = YES;
			};
			name = Release;
		};
		BF755B8423AF949500FACA2C /* Debug */ = {
			isa = XCBuildConfiguration;
			buildSettings = {
				ASSETCATALOG_COMPILER_APPICON_NAME = AppIcon;
				CODE_SIGN_STYLE = Automatic;
				DEVELOPMENT_TEAM = QP4HZ35W23;
				INFOPLIST_FILE = ToDoList/Info.plist;
				LD_RUNPATH_SEARCH_PATHS = (
					"$(inherited)",
					"@executable_path/Frameworks",
				);
				PRODUCT_BUNDLE_IDENTIFIER = ITI.ToDoList;
				PRODUCT_NAME = "$(TARGET_NAME)";
				TARGETED_DEVICE_FAMILY = "1,2";
			};
			name = Debug;
		};
		BF755B8523AF949500FACA2C /* Release */ = {
			isa = XCBuildConfiguration;
			buildSettings = {
				ASSETCATALOG_COMPILER_APPICON_NAME = AppIcon;
				CODE_SIGN_STYLE = Automatic;
				DEVELOPMENT_TEAM = QP4HZ35W23;
				INFOPLIST_FILE = ToDoList/Info.plist;
				LD_RUNPATH_SEARCH_PATHS = (
					"$(inherited)",
					"@executable_path/Frameworks",
				);
				PRODUCT_BUNDLE_IDENTIFIER = ITI.ToDoList;
				PRODUCT_NAME = "$(TARGET_NAME)";
				TARGETED_DEVICE_FAMILY = "1,2";
			};
			name = Release;
		};
/* End XCBuildConfiguration section */

/* Begin XCConfigurationList section */
		BF755B6823AF949200FACA2C /* Build configuration list for PBXProject "ToDoList" */ = {
			isa = XCConfigurationList;
			buildConfigurations = (
				BF755B8123AF949500FACA2C /* Debug */,
				BF755B8223AF949500FACA2C /* Release */,
			);
			defaultConfigurationIsVisible = 0;
			defaultConfigurationName = Release;
		};
		BF755B8323AF949500FACA2C /* Build configuration list for PBXNativeTarget "ToDoList" */ = {
			isa = XCConfigurationList;
			buildConfigurations = (
				BF755B8423AF949500FACA2C /* Debug */,
				BF755B8523AF949500FACA2C /* Release */,
			);
			defaultConfigurationIsVisible = 0;
			defaultConfigurationName = Release;
		};
/* End XCConfigurationList section */
	};
	rootObject = BF755B6523AF949200FACA2C /* Project object */;
}
